
Microsoft Visual Studio Solution File, Format Version 12.00
Project("{FAE04EC0-301F-11D3-BF4B-00C04F79EFBC}") = "Schedule.Core", "Schedule.Core\Schedule.Core.csproj", "{CDDC1D91-EED8-4955-81C5-648CEB116639}"
EndProject
Global
	GlobalSection(SolutionConfigurationPlatforms) = preSolution
		Debug|Any CPU = Debug|Any CPU
		Release|Any CPU = Release|Any CPU
	EndGlobalSection
	GlobalSection(ProjectConfigurationPlatforms) = postSolution
		{CDDC1D91-EED8-4955-81C5-648CEB116639}.Debug|Any CPU.ActiveCfg = Debug|Any CPU
		{CDDC1D91-EED8-4955-81C5-648CEB116639}.Debug|Any CPU.Build.0 = Debug|Any CPU
		{CDDC1D91-EED8-4955-81C5-648CEB116639}.Release|Any CPU.ActiveCfg = Release|Any CPU
		{CDDC1D91-EED8-4955-81C5-648CEB116639}.Release|Any CPU.Build.0 = Release|Any CPU
	EndGlobalSection
EndGlobal
